PODS:
  - Alamofire (4.7.2)
  - AlamofireSwiftyJSON (1.0.1):
    - Alamofire (~> 4.0)
    - SwiftyJSON (~> 4.0)
  - ObjectMapper (3.1.0)
  - SwiftyJSON (4.1.0)

DEPENDENCIES:
  - AlamofireSwiftyJSON
  - ObjectMapper

SPEC REPOS:
  https://github.com/cocoapods/specs.git:
    - Alamofire
    - AlamofireSwiftyJSON
    - ObjectMapper
    - SwiftyJSON

SPEC CHECKSUMS:
  Alamofire: e4fa87002c137ba2d8d634d2c51fabcda0d5c223
  AlamofireSwiftyJSON: ad896b68b586aea5de8ddba641ad3b402b8d5511
  ObjectMapper: 20505058f54e5c3ca69e1d6de9897d152a5369a6
  SwiftyJSON: c29297daf073d2aa016295d5809cdd68045c39b3

PODFILE CHECKSUM: 7494bde0ccaf4dad838007011f5d0f724412c47a

COCOAPODS: 1.6.0.beta.2
